
Microsoft Visual Studio Solution File, Format Version 12.00
# Visual Studio Version 17
VisualStudioVersion = 17.14.36408.4 d17.14
MinimumVisualStudioVersion = 10.0.40219.1
Project("{FAE04EC0-301F-11D3-BF4B-00C04F79EFBC}") = "RestarauntWebApp", "RestarauntWebApp\RestarauntWebApp.csproj", "{2025E396-D530-4581-B219-6621D07AEEF5}"
EndProject
Global
	GlobalSection(SolutionConfigurationPlatforms) = preSolution
		Debug|Any CPU = Debug|Any CPU
		Release|Any CPU = Release|Any CPU
	EndGlobalSection
	GlobalSection(ProjectConfigurationPlatforms) = postSolution
		{2025E396-D530-4581-B219-6621D07AEEF5}.Debug|Any CPU.ActiveCfg = Debug|Any CPU
		{2025E396-D530-4581-B219-6621D07AEEF5}.Debug|Any CPU.Build.0 = Debug|Any CPU
		{2025E396-D530-4581-B219-6621D07AEEF5}.Release|Any CPU.ActiveCfg = Release|Any CPU
		{2025E396-D530-4581-B219-6621D07AEEF5}.Release|Any CPU.Build.0 = Release|Any CPU
	EndGlobalSection
	GlobalSection(SolutionProperties) = preSolution
		HideSolutionNode = FALSE
	EndGlobalSection
	GlobalSection(ExtensibilityGlobals) = postSolution
		SolutionGuid = {DEEC3FD2-C02A-4B9A-B054-6FAC3AF5F605}
	EndGlobalSection
EndGlobal
